schema: '2.0'
stages:
  data_ingestion:
    cmd: python src/data/data_ingestion.py
    deps:
    - path: src/data/data_ingestion.py
      hash: md5
      md5: 3037e0fdffc6647ba964c4cfe4638380
      size: 3666
    params:
      params.yaml:
        data_ingestion.test_size: 0.25
    outs:
    - path: dataset/raw
      hash: md5
      md5: 04a4aefc973742ec08bf2a024194608b.dir
      size: 634167
      nfiles: 2
  data_preprocessing:
    cmd: python src/data/data_preprocessing.py
    deps:
    - path: dataset/raw
      hash: md5
      md5: 04a4aefc973742ec08bf2a024194608b.dir
      size: 634167
      nfiles: 2
    - path: src/data/data_preprocessing.py
      hash: md5
      md5: ce7a76f4f560df73f092a26280fb66b5
      size: 2713
    outs:
    - path: dataset/interim
      hash: md5
      md5: bad6861b94e084b3ef431ce6be3703a0.dir
      size: 391330
      nfiles: 2
  feature_engineering:
    cmd: python src/features/feature_engineering.py
    deps:
    - path: dataset/interim
      hash: md5
      md5: bad6861b94e084b3ef431ce6be3703a0.dir
      size: 391330
      nfiles: 2
    - path: src/features/feature_engineering.py
      hash: md5
      md5: 0996b4abc99c211f680f22e557899d49
      size: 3549
    params:
      params.yaml:
        feature_engineering.max_features: 50
    outs:
    - path: dataset/processed
      hash: md5
      md5: 045fb155d0f54e994df06da24d07ebd8.dir
      size: 51890
      nfiles: 2
    - path: models/vectorizer.pkl
      hash: md5
      md5: b270bc6780430c70c6816aaf3af223c1
      size: 96299
  model_building:
    cmd: python src/model/model_building.py
    deps:
    - path: dataset/processed
      hash: md5
      md5: 045fb155d0f54e994df06da24d07ebd8.dir
      size: 51890
      nfiles: 2
    - path: src/model/model_building.py
      hash: md5
      md5: d078db655058b883664391cb4c897adc
      size: 1972
    outs:
    - path: models/model.pkl
      hash: md5
      md5: b6365c013888f1dd85ab9750f7f33d55
      size: 1108
  model_evaluation:
    cmd: python src/model/model_evaluation.py
    deps:
    - path: models/model.pkl
      hash: md5
      md5: b6365c013888f1dd85ab9750f7f33d55
      size: 1108
    - path: src/model/model_evaluation.py
      hash: md5
      md5: 3abf364a254ec66f86eddeef24f32538
      size: 5308
    outs:
    - path: reports/experiment_info.json
      hash: md5
      md5: 96b1e7622e1a376b69e6672f5e506cf3
      size: 82
    - path: reports/metrics.json
      hash: md5
      md5: a902b82a1cb60b722e2384399727dce4
      size: 116
  model_registration:
    cmd: python src/model/register_model.py
    deps:
    - path: reports/experiment_info.json
      hash: md5
      md5: 96b1e7622e1a376b69e6672f5e506cf3
      size: 82
    - path: src/model/register_model.py
      hash: md5
      md5: b0add9f1387dc73215609764e1fb8893
      size: 3375
